// !$*UTF8*$!
{
	archiveVersion = 1;
	classes = {
	};
	objectVersion = 55;
	objects = {

/* Begin PBXBuildFile section */
		504B5F70289A924A001F0035 /* Activities.docc in Sources */ = {isa = PBXBuildFile; fileRef = 504B5F6F289A924A001F0035 /* Activities.docc */; };
		504B5F76289A924B001F0035 /* Activities.framework in Frameworks */ = {isa = PBXBuildFile; fileRef = 504B5F6B289A924A001F0035 /* Activities.framework */; };
		504B5F7B289A924B001F0035 /* ActivitiesTests.swift in Sources */ = {isa = PBXBuildFile; fileRef = 504B5F7A289A924B001F0035 /* ActivitiesTests.swift */; };
		504B5F7C289A924B001F0035 /* Activities.h in Headers */ = {isa = PBXBuildFile; fileRef = 504B5F6E289A924A001F0035 /* Activities.h */; settings = {ATTRIBUTES = (Public, ); }; };
		504B5F8B289A939B001F0035 /* ActivitiesCoordinator.swift in Sources */ = {isa = PBXBuildFile; fileRef = 504B5F85289A939B001F0035 /* ActivitiesCoordinator.swift */; };
		504B5F8C289A939B001F0035 /* ActivitiesModuleBuilder.swift in Sources */ = {isa = PBXBuildFile; fileRef = 504B5F86289A939B001F0035 /* ActivitiesModuleBuilder.swift */; };
		504B5F8D289A939B001F0035 /* ActivitiesUseCase.swift in Sources */ = {isa = PBXBuildFile; fileRef = 504B5F87289A939B001F0035 /* ActivitiesUseCase.swift */; };
		504B5F8E289A939B001F0035 /* ActivitiesViewController.swift in Sources */ = {isa = PBXBuildFile; fileRef = 504B5F88289A939B001F0035 /* ActivitiesViewController.swift */; };
		504B5F8F289A939B001F0035 /* ActivitiesViewModel.swift in Sources */ = {isa = PBXBuildFile; fileRef = 504B5F89289A939B001F0035 /* ActivitiesViewModel.swift */; };
		504B5F90289A939B001F0035 /* ActivitiesService.swift in Sources */ = {isa = PBXBuildFile; fileRef = 504B5F8A289A939B001F0035 /* ActivitiesService.swift */; };
		7E312F14C4F01DE3C1594B5F /* Pods_ActivitiesTests.framework in Frameworks */ = {isa = PBXBuildFile; fileRef = F23176DFADF99A14520B2330 /* Pods_ActivitiesTests.framework */; };
		A20300A8D55BD213591F2424 /* Pods_Activities.framework in Frameworks */ = {isa = PBXBuildFile; fileRef = C102F379C3B79D63A6F8E596 /* Pods_Activities.framework */; };
/* End PBXBuildFile section */

/* Begin PBXContainerItemProxy section */
		504B5F77289A924B001F0035 /* PBXContainerItemProxy */ = {
			isa = PBXContainerItemProxy;
			containerPortal = 504B5F62289A924A001F0035 /* Project object */;
			proxyType = 1;
			remoteGlobalIDString = 504B5F6A289A924A001F0035;
			remoteInfo = Activities;
		};
/* End PBXContainerItemProxy section */

/* Begin PBXFileReference section */
		118FAC05298E4634C958D3A5 /* Pods-Activities.release.xcconfig */ = {isa = PBXFileReference; includeInIndex = 1; lastKnownFileType = text.xcconfig; name = "Pods-Activities.release.xcconfig"; path = "Target Support Files/Pods-Activities/Pods-Activities.release.xcconfig"; sourceTree = "<group>"; };
		504B5F6B289A924A001F0035 /* Activities.framework */ = {isa = PBXFileReference; explicitFileType = wrapper.framework; includeInIndex = 0; path = Activities.framework; sourceTree = BUILT_PRODUCTS_DIR; };
		504B5F6E289A924A001F0035 /* Activities.h */ = {isa = PBXFileReference; lastKnownFileType = sourcecode.c.h; path = Activities.h; sourceTree = "<group>"; };
		504B5F6F289A924A001F0035 /* Activities.docc */ = {isa = PBXFileReference; lastKnownFileType = folder.documentationcatalog; path = Activities.docc; sourceTree = "<group>"; };
		504B5F75289A924B001F0035 /* ActivitiesTests.xctest */ = {isa = PBXFileReference; explicitFileType = wrapper.cfbundle; includeInIndex = 0; path = ActivitiesTests.xctest; sourceTree = BUILT_PRODUCTS_DIR; };
		504B5F7A289A924B001F0035 /* ActivitiesTests.swift */ = {isa = PBXFileReference; lastKnownFileType = sourcecode.swift; path = ActivitiesTests.swift; sourceTree = "<group>"; };
		504B5F85289A939B001F0035 /* ActivitiesCoordinator.swift */ = {isa = PBXFileReference; lastKnownFileType = sourcecode.swift; path = ActivitiesCoordinator.swift; sourceTree = "<group>"; };
		504B5F86289A939B001F0035 /* ActivitiesModuleBuilder.swift */ = {isa = PBXFileReference; lastKnownFileType = sourcecode.swift; path = ActivitiesModuleBuilder.swift; sourceTree = "<group>"; };
		504B5F87289A939B001F0035 /* ActivitiesUseCase.swift */ = {isa = PBXFileReference; lastKnownFileType = sourcecode.swift; path = ActivitiesUseCase.swift; sourceTree = "<group>"; };
		504B5F88289A939B001F0035 /* ActivitiesViewController.swift */ = {isa = PBXFileReference; lastKnownFileType = sourcecode.swift; path = ActivitiesViewController.swift; sourceTree = "<group>"; };
		504B5F89289A939B001F0035 /* ActivitiesViewModel.swift */ = {isa = PBXFileReference; lastKnownFileType = sourcecode.swift; path = ActivitiesViewModel.swift; sourceTree = "<group>"; };
		504B5F8A289A939B001F0035 /* ActivitiesService.swift */ = {isa = PBXFileReference; lastKnownFileType = sourcecode.swift; path = ActivitiesService.swift; sourceTree = "<group>"; };
		5847AE9E2F0A92C1DD265E1D /* Pods-Activities.debug.xcconfig */ = {isa = PBXFileReference; includeInIndex = 1; lastKnownFileType = text.xcconfig; name = "Pods-Activities.debug.xcconfig"; path = "Target Support Files/Pods-Activities/Pods-Activities.debug.xcconfig"; sourceTree = "<group>"; };
		B5C5BF3F728B32F3CB12AF26 /* Pods-ActivitiesTests.debug.xcconfig */ = {isa = PBXFileReference; includeInIndex = 1; lastKnownFileType = text.xcconfig; name = "Pods-ActivitiesTests.debug.xcconfig"; path = "Target Support Files/Pods-ActivitiesTests/Pods-ActivitiesTests.debug.xcconfig"; sourceTree = "<group>"; };
		C102F379C3B79D63A6F8E596 /* Pods_Activities.framework */ = {isa = PBXFileReference; explicitFileType = wrapper.framework; includeInIndex = 0; path = Pods_Activities.framework; sourceTree = BUILT_PRODUCTS_DIR; };
		D4869FE608A6D3725ADD003C /* Pods-ActivitiesTests.release.xcconfig */ = {isa = PBXFileReference; includeInIndex = 1; lastKnownFileType = text.xcconfig; name = "Pods-ActivitiesTests.release.xcconfig"; path = "Target Support Files/Pods-ActivitiesTests/Pods-ActivitiesTests.release.xcconfig"; sourceTree = "<group>"; };
		F23176DFADF99A14520B2330 /* Pods_ActivitiesTests.framework */ = {isa = PBXFileReference; explicitFileType = wrapper.framework; includeInIndex = 0; path = Pods_ActivitiesTests.framework; sourceTree = BUILT_PRODUCTS_DIR; };
/* End PBXFileReference section */

/* Begin PBXFrameworksBuildPhase section */
		504B5F68289A924A001F0035 /* Frameworks */ = {
			isa = PBXFrameworksBuildPhase;
			buildActionMask = 2147483647;
			files = (
				A20300A8D55BD213591F2424 /* Pods_Activities.framework in Frameworks */,
			);
			runOnlyForDeploymentPostprocessing = 0;
		};
		504B5F72289A924B001F0035 /* Frameworks */ = {
			isa = PBXFrameworksBuildPhase;
			buildActionMask = 2147483647;
			files = (
				504B5F76289A924B001F0035 /* Activities.framework in Frameworks */,
				7E312F14C4F01DE3C1594B5F /* Pods_ActivitiesTests.framework in Frameworks */,
			);
			runOnlyForDeploymentPostprocessing = 0;
		};
/* End PBXFrameworksBuildPhase section */

/* Begin PBXGroup section */
		1645418149542E4D3FF5D41E /* Frameworks */ = {
			isa = PBXGroup;
			children = (
				C102F379C3B79D63A6F8E596 /* Pods_Activities.framework */,
				F23176DFADF99A14520B2330 /* Pods_ActivitiesTests.framework */,
			);
			name = Frameworks;
			sourceTree = "<group>";
		};
		3F3657EBA828C8B9BD17DC85 /* Pods */ = {
			isa = PBXGroup;
			children = (
				5847AE9E2F0A92C1DD265E1D /* Pods-Activities.debug.xcconfig */,
				118FAC05298E4634C958D3A5 /* Pods-Activities.release.xcconfig */,
				B5C5BF3F728B32F3CB12AF26 /* Pods-ActivitiesTests.debug.xcconfig */,
				D4869FE608A6D3725ADD003C /* Pods-ActivitiesTests.release.xcconfig */,
			);
			name = Pods;
			path = ../../Pods;
			sourceTree = "<group>";
		};
		504B5F61289A924A001F0035 = {
			isa = PBXGroup;
			children = (
				504B5F6D289A924A001F0035 /* Activities */,
				504B5F79289A924B001F0035 /* ActivitiesTests */,
				504B5F6C289A924A001F0035 /* Products */,
				3F3657EBA828C8B9BD17DC85 /* Pods */,
				1645418149542E4D3FF5D41E /* Frameworks */,
			);
			sourceTree = "<group>";
		};
		504B5F6C289A924A001F0035 /* Products */ = {
			isa = PBXGroup;
			children = (
				504B5F6B289A924A001F0035 /* Activities.framework */,
				504B5F75289A924B001F0035 /* ActivitiesTests.xctest */,
			);
			name = Products;
			sourceTree = "<group>";
		};
		504B5F6D289A924A001F0035 /* Activities */ = {
			isa = PBXGroup;
			children = (
				504B5F6E289A924A001F0035 /* Activities.h */,
				504B5F6F289A924A001F0035 /* Activities.docc */,
				504B5F85289A939B001F0035 /* ActivitiesCoordinator.swift */,
				504B5F86289A939B001F0035 /* ActivitiesModuleBuilder.swift */,
				504B5F87289A939B001F0035 /* ActivitiesUseCase.swift */,
				504B5F88289A939B001F0035 /* ActivitiesViewController.swift */,
				504B5F89289A939B001F0035 /* ActivitiesViewModel.swift */,
				504B5F8A289A939B001F0035 /* ActivitiesService.swift */,
			);
			path = Activities;
			sourceTree = "<group>";
		};
		504B5F79289A924B001F0035 /* ActivitiesTests */ = {
			isa = PBXGroup;
			children = (
				504B5F7A289A924B001F0035 /* ActivitiesTests.swift */,
			);
			path = ActivitiesTests;
			sourceTree = "<group>";
		};
/* End PBXGroup section */

/* Begin PBXHeadersBuildPhase section */
		504B5F66289A924A001F0035 /* Headers */ = {
			isa = PBXHeadersBuildPhase;
			buildActionMask = 2147483647;
			files = (
				504B5F7C289A924B001F0035 /* Activities.h in Headers */,
			);
			runOnlyForDeploymentPostprocessing = 0;
		};
/* End PBXHeadersBuildPhase section */

/* Begin PBXNativeTarget section */
		504B5F6A289A924A001F0035 /* Activities */ = {
			isa = PBXNativeTarget;
			buildConfigurationList = 504B5F7F289A924B001F0035 /* Build configuration list for PBXNativeTarget "Activities" */;
			buildPhases = (
				C0881BCE3F54BF3666493BFF /* [CP] Check Pods Manifest.lock */,
				504B5F66289A924A001F0035 /* Headers */,
				504B5F67289A924A001F0035 /* Sources */,
				504B5F68289A924A001F0035 /* Frameworks */,
				504B5F69289A924A001F0035 /* Resources */,
			);
			buildRules = (
			);
			dependencies = (
			);
			name = Activities;
			productName = Activities;
			productReference = 504B5F6B289A924A001F0035 /* Activities.framework */;
			productType = "com.apple.product-type.framework";
		};
		504B5F74289A924B001F0035 /* ActivitiesTests */ = {
			isa = PBXNativeTarget;
			buildConfigurationList = 504B5F82289A924B001F0035 /* Build configuration list for PBXNativeTarget "ActivitiesTests" */;
			buildPhases = (
				0360C4954772376C4A0120BF /* [CP] Check Pods Manifest.lock */,
				504B5F71289A924B001F0035 /* Sources */,
				504B5F72289A924B001F0035 /* Frameworks */,
				504B5F73289A924B001F0035 /* Resources */,
				FB3ADDEFDB63AFC1E1106A14 /* [CP] Embed Pods Frameworks */,
			);
			buildRules = (
			);
			dependencies = (
				504B5F78289A924B001F0035 /* PBXTargetDependency */,
			);
			name = ActivitiesTests;
			productName = ActivitiesTests;
			productReference = 504B5F75289A924B001F0035 /* ActivitiesTests.xctest */;
			productType = "com.apple.product-type.bundle.unit-test";
		};
/* End PBXNativeTarget section */

/* Begin PBXProject section */
		504B5F62289A924A001F0035 /* Project object */ = {
			isa = PBXProject;
			attributes = {
				BuildIndependentTargetsInParallel = 1;
				LastSwiftUpdateCheck = 1340;
				LastUpgradeCheck = 1340;
				TargetAttributes = {
					504B5F6A289A924A001F0035 = {
						CreatedOnToolsVersion = 13.4;
					};
					504B5F74289A924B001F0035 = {
						CreatedOnToolsVersion = 13.4;
					};
				};
			};
			buildConfigurationList = 504B5F65289A924A001F0035 /* Build configuration list for PBXProject "Activities" */;
			compatibilityVersion = "Xcode 13.0";
			developmentRegion = en;
			hasScannedForEncodings = 0;
			knownRegions = (
				en,
				Base,
			);
			mainGroup = 504B5F61289A924A001F0035;
			productRefGroup = 504B5F6C289A924A001F0035 /* Products */;
			projectDirPath = "";
			projectRoot = "";
			targets = (
				504B5F6A289A924A001F0035 /* Activities */,
				504B5F74289A924B001F0035 /* ActivitiesTests */,
			);
		};
/* End PBXProject section */

/* Begin PBXResourcesBuildPhase section */
		504B5F69289A924A001F0035 /* Resources */ = {
			isa = PBXResourcesBuildPhase;
			buildActionMask = 2147483647;
			files = (
			);
			runOnlyForDeploymentPostprocessing = 0;
		};
		504B5F73289A924B001F0035 /* Resources */ = {
			isa = PBXResourcesBuildPhase;
			buildActionMask = 2147483647;
			files = (
			);
			runOnlyForDeploymentPostprocessing = 0;
		};
/* End PBXResourcesBuildPhase section */

/* Begin PBXShellScriptBuildPhase section */
		0360C4954772376C4A0120BF /* [CP] Check Pods Manifest.lock */ = {
			isa = PBXShellScriptBuildPhase;
			buildActionMask = 2147483647;
			files = (
			);
			inputFileListPaths = (
			);
			inputPaths = (
				"${PODS_PODFILE_DIR_PATH}/Podfile.lock",
				"${PODS_ROOT}/Manifest.lock",
			);
			name = "[CP] Check Pods Manifest.lock";
			outputFileListPaths = (
			);
			outputPaths = (
				"$(DERIVED_FILE_DIR)/Pods-ActivitiesTests-checkManifestLockResult.txt",
			);
			runOnlyForDeploymentPostprocessing = 0;
			shellPath = /bin/sh;
			shellScript = "diff \"${PODS_PODFILE_DIR_PATH}/Podfile.lock\" \"${PODS_ROOT}/Manifest.lock\" > /dev/null\nif [ $? != 0 ] ; then\n    # print error to STDERR\n    echo \"error: The sandbox is not in sync with the Podfile.lock. Run 'pod install' or update your CocoaPods installation.\" >&2\n    exit 1\nfi\n# This output is used by Xcode 'outputs' to avoid re-running this script phase.\necho \"SUCCESS\" > \"${SCRIPT_OUTPUT_FILE_0}\"\n";
			showEnvVarsInLog = 0;
		};
		C0881BCE3F54BF3666493BFF /* [CP] Check Pods Manifest.lock */ = {
			isa = PBXShellScriptBuildPhase;
			buildActionMask = 2147483647;
			files = (
			);
			inputFileListPaths = (
			);
			inputPaths = (
				"${PODS_PODFILE_DIR_PATH}/Podfile.lock",
				"${PODS_ROOT}/Manifest.lock",
			);
			name = "[CP] Check Pods Manifest.lock";
			outputFileListPaths = (
			);
			outputPaths = (
				"$(DERIVED_FILE_DIR)/Pods-Activities-checkManifestLockResult.txt",
			);
			runOnlyForDeploymentPostprocessing = 0;
			shellPath = /bin/sh;
			shellScript = "diff \"${PODS_PODFILE_DIR_PATH}/Podfile.lock\" \"${PODS_ROOT}/Manifest.lock\" > /dev/null\nif [ $? != 0 ] ; then\n    # print error to STDERR\n    echo \"error: The sandbox is not in sync with the Podfile.lock. Run 'pod install' or update your CocoaPods installation.\" >&2\n    exit 1\nfi\n# This output is used by Xcode 'outputs' to avoid re-running this script phase.\necho \"SUCCESS\" > \"${SCRIPT_OUTPUT_FILE_0}\"\n";
			showEnvVarsInLog = 0;
		};
		FB3ADDEFDB63AFC1E1106A14 /* [CP] Embed Pods Frameworks */ = {
			isa = PBXShellScriptBuildPhase;
			buildActionMask = 2147483647;
			files = (
			);
			inputFileListPaths = (
				"${PODS_ROOT}/Target Support Files/Pods-ActivitiesTests/Pods-ActivitiesTests-frameworks-${CONFIGURATION}-input-files.xcfilelist",
			);
			name = "[CP] Embed Pods Frameworks";
			outputFileListPaths = (
				"${PODS_ROOT}/Target Support Files/Pods-ActivitiesTests/Pods-ActivitiesTests-frameworks-${CONFIGURATION}-output-files.xcfilelist",
			);
			runOnlyForDeploymentPostprocessing = 0;
			shellPath = /bin/sh;
			shellScript = "\"${PODS_ROOT}/Target Support Files/Pods-ActivitiesTests/Pods-ActivitiesTests-frameworks.sh\"\n";
			showEnvVarsInLog = 0;
		};
/* End PBXShellScriptBuildPhase section */

/* Begin PBXSourcesBuildPhase section */
		504B5F67289A924A001F0035 /* Sources */ = {
			isa = PBXSourcesBuildPhase;
			buildActionMask = 2147483647;
			files = (
				504B5F8D289A939B001F0035 /* ActivitiesUseCase.swift in Sources */,
				504B5F70289A924A001F0035 /* Activities.docc in Sources */,
				504B5F8E289A939B001F0035 /* ActivitiesViewController.swift in Sources */,
				504B5F8F289A939B001F0035 /* ActivitiesViewModel.swift in Sources */,
				504B5F90289A939B001F0035 /* ActivitiesService.swift in Sources */,
				504B5F8B289A939B001F0035 /* ActivitiesCoordinator.swift in Sources */,
				504B5F8C289A939B001F0035 /* ActivitiesModuleBuilder.swift in Sources */,
			);
			runOnlyForDeploymentPostprocessing = 0;
		};
		504B5F71289A924B001F0035 /* Sources */ = {
			isa = PBXSourcesBuildPhase;
			buildActionMask = 2147483647;
			files = (
				504B5F7B289A924B001F0035 /* ActivitiesTests.swift in Sources */,
			);
			runOnlyForDeploymentPostprocessing = 0;
		};
/* End PBXSourcesBuildPhase section */

/* Begin PBXTargetDependency section */
		504B5F78289A924B001F0035 /* PBXTargetDependency */ = {
			isa = PBXTargetDependency;
			target = 504B5F6A289A924A001F0035 /* Activities */;
			targetProxy = 504B5F77289A924B001F0035 /* PBXContainerItemProxy */;
		};
/* End PBXTargetDependency section */

/* Begin XCBuildConfiguration section */
		504B5F7D289A924B001F0035 /* Debug */ = {
			isa = XCBuildConfiguration;
			buildSettings = {
				ALWAYS_SEARCH_USER_PATHS = NO;
				CLANG_ANALYZER_NONNULL = YES;
				CLANG_ANALYZER_NUMBER_OBJECT_CONVERSION = YES_AGGRESSIVE;
				CLANG_CXX_LANGUAGE_STANDARD = "gnu++17";
				CLANG_ENABLE_MODULES = YES;
				CLANG_ENABLE_OBJC_ARC = YES;
				CLANG_ENABLE_OBJC_WEAK = YES;
				CLANG_WARN_BLOCK_CAPTURE_AUTORELEASING = YES;
				CLANG_WARN_BOOL_CONVERSION = YES;
				CLANG_WARN_COMMA = YES;
				CLANG_WARN_CONSTANT_CONVERSION = YES;
				CLANG_WARN_DEPRECATED_OBJC_IMPLEMENTATIONS = YES;
				CLANG_WARN_DIRECT_OBJC_ISA_USAGE = YES_ERROR;
				CLANG_WARN_DOCUMENTATION_COMMENTS = YES;
				CLANG_WARN_EMPTY_BODY = YES;
				CLANG_WARN_ENUM_CONVERSION = YES;
				CLANG_WARN_INFINITE_RECURSION = YES;
				CLANG_WARN_INT_CONVERSION = YES;
				CLANG_WARN_NON_LITERAL_NULL_CONVERSION = YES;
				CLANG_WARN_OBJC_IMPLICIT_RETAIN_SELF = YES;
				CLANG_WARN_OBJC_LITERAL_CONVERSION = YES;
				CLANG_WARN_OBJC_ROOT_CLASS = YES_ERROR;
				CLANG_WARN_QUOTED_INCLUDE_IN_FRAMEWORK_HEADER = YES;
				CLANG_WARN_RANGE_LOOP_ANALYSIS = YES;
				CLANG_WARN_STRICT_PROTOTYPES = YES;
				CLANG_WARN_SUSPICIOUS_MOVE = YES;
				CLANG_WARN_UNGUARDED_AVAILABILITY = YES_AGGRESSIVE;
				CLANG_WARN_UNREACHABLE_CODE = YES;
				CLANG_WARN__DUPLICATE_METHOD_MATCH = YES;
				COPY_PHASE_STRIP = NO;
				CURRENT_PROJECT_VERSION = 1;
				DEBUG_INFORMATION_FORMAT = dwarf;
				ENABLE_STRICT_OBJC_MSGSEND = YES;
				ENABLE_TESTABILITY = YES;
				GCC_C_LANGUAGE_STANDARD = gnu11;
				GCC_DYNAMIC_NO_PIC = NO;
				GCC_NO_COMMON_BLOCKS = YES;
				GCC_OPTIMIZATION_LEVEL = 0;
				GCC_PREPROCESSOR_DEFINITIONS = (
					"DEBUG=1",
					"$(inherited)",
				);
				GCC_WARN_64_TO_32_BIT_CONVERSION = YES;
				GCC_WARN_ABOUT_RETURN_TYPE = YES_ERROR;
				GCC_WARN_UNDECLARED_SELECTOR = YES;
				GCC_WARN_UNINITIALIZED_AUTOS = YES_AGGRESSIVE;
				GCC_WARN_UNUSED_FUNCTION = YES;
				GCC_WARN_UNUSED_VARIABLE = YES;
				IPHONEOS_DEPLOYMENT_TARGET = 15.5;
				MTL_ENABLE_DEBUG_INFO = INCLUDE_SOURCE;
				MTL_FAST_MATH = YES;
				ONLY_ACTIVE_ARCH = YES;
				SDKROOT = iphoneos;
				SWIFT_ACTIVE_COMPILATION_CONDITIONS = DEBUG;
				SWIFT_OPTIMIZATION_LEVEL = "-Onone";
				VERSIONING_SYSTEM = "apple-generic";
				VERSION_INFO_PREFIX = "";
			};
			name = Debug;
		};
		504B5F7E289A924B001F0035 /* Release */ = {
			isa = XCBuildConfiguration;
			buildSettings = {
				ALWAYS_SEARCH_USER_PATHS = NO;
				CLANG_ANALYZER_NONNULL = YES;
				CLANG_ANALYZER_NUMBER_OBJECT_CONVERSION = YES_AGGRESSIVE;
				CLANG_CXX_LANGUAGE_STANDARD = "gnu++17";
				CLANG_ENABLE_MODULES = YES;
				CLANG_ENABLE_OBJC_ARC = YES;
				CLANG_ENABLE_OBJC_WEAK = YES;
				CLANG_WARN_BLOCK_CAPTURE_AUTORELEASING = YES;
				CLANG_WARN_BOOL_CONVERSION = YES;
				CLANG_WARN_COMMA = YES;
				CLANG_WARN_CONSTANT_CONVERSION = YES;
				CLANG_WARN_DEPRECATED_OBJC_IMPLEMENTATIONS = YES;
				CLANG_WARN_DIRECT_OBJC_ISA_USAGE = YES_ERROR;
				CLANG_WARN_DOCUMENTATION_COMMENTS = YES;
				CLANG_WARN_EMPTY_BODY = YES;
				CLANG_WARN_ENUM_CONVERSION = YES;
				CLANG_WARN_INFINITE_RECURSION = YES;
				CLANG_WARN_INT_CONVERSION = YES;
				CLANG_WARN_NON_LITERAL_NULL_CONVERSION = YES;
				CLANG_WARN_OBJC_IMPLICIT_RETAIN_SELF = YES;
				CLANG_WARN_OBJC_LITERAL_CONVERSION = YES;
				CLANG_WARN_OBJC_ROOT_CLASS = YES_ERROR;
				CLANG_WARN_QUOTED_INCLUDE_IN_FRAMEWORK_HEADER = YES;
				CLANG_WARN_RANGE_LOOP_ANALYSIS = YES;
				CLANG_WARN_STRICT_PROTOTYPES = YES;
				CLANG_WARN_SUSPICIOUS_MOVE = YES;
				CLANG_WARN_UNGUARDED_AVAILABILITY = YES_AGGRESSIVE;
				CLANG_WARN_UNREACHABLE_CODE = YES;
				CLANG_WARN__DUPLICATE_METHOD_MATCH = YES;
				COPY_PHASE_STRIP = NO;
				CURRENT_PROJECT_VERSION = 1;
				DEBUG_INFORMATION_FORMAT = "dwarf-with-dsym";
				ENABLE_NS_ASSERTIONS = NO;
				ENABLE_STRICT_OBJC_MSGSEND = YES;
				GCC_C_LANGUAGE_STANDARD = gnu11;
				GCC_NO_COMMON_BLOCKS = YES;
				GCC_WARN_64_TO_32_BIT_CONVERSION = YES;
				GCC_WARN_ABOUT_RETURN_TYPE = YES_ERROR;
				GCC_WARN_UNDECLARED_SELECTOR = YES;
				GCC_WARN_UNINITIALIZED_AUTOS = YES_AGGRESSIVE;
				GCC_WARN_UNUSED_FUNCTION = YES;
				GCC_WARN_UNUSED_VARIABLE = YES;
				IPHONEOS_DEPLOYMENT_TARGET = 15.5;
				MTL_ENABLE_DEBUG_INFO = NO;
				MTL_FAST_MATH = YES;
				SDKROOT = iphoneos;
				SWIFT_COMPILATION_MODE = wholemodule;
				SWIFT_OPTIMIZATION_LEVEL = "-O";
				VALIDATE_PRODUCT = YES;
				VERSIONING_SYSTEM = "apple-generic";
				VERSION_INFO_PREFIX = "";
			};
			name = Release;
		};
		504B5F80289A924B001F0035 /* Debug */ = {
			isa = XCBuildConfiguration;
			baseConfigurationReference = 5847AE9E2F0A92C1DD265E1D /* Pods-Activities.debug.xcconfig */;
			buildSettings = {
				CODE_SIGN_STYLE = Automatic;
				CURRENT_PROJECT_VERSION = 1;
				DEFINES_MODULE = YES;
				DEVELOPMENT_TEAM = 9X9VYGUMW9;
				DYLIB_COMPATIBILITY_VERSION = 1;
				DYLIB_CURRENT_VERSION = 1;
				DYLIB_INSTALL_NAME_BASE = "@rpath";
				GENERATE_INFOPLIST_FILE = YES;
				INFOPLIST_KEY_NSHumanReadableCopyright = "";
				INSTALL_PATH = "$(LOCAL_LIBRARY_DIR)/Frameworks";
				LD_RUNPATH_SEARCH_PATHS = (
					"$(inherited)",
					"@executable_path/Frameworks",
					"@loader_path/Frameworks",
				);
				MARKETING_VERSION = 1.0;
				PRODUCT_BUNDLE_IDENTIFIER = com.smapps.Activities;
				PRODUCT_NAME = "$(TARGET_NAME:c99extidentifier)";
				SKIP_INSTALL = YES;
				SWIFT_EMIT_LOC_STRINGS = YES;
				SWIFT_VERSION = 5.0;
				TARGETED_DEVICE_FAMILY = "1,2";
			};
			name = Debug;
		};
		504B5F81289A924B001F0035 /* Release */ = {
			isa = XCBuildConfiguration;
			baseConfigurationReference = 118FAC05298E4634C958D3A5 /* Pods-Activities.release.xcconfig */;
			buildSettings = {
				CODE_SIGN_STYLE = Automatic;
				CURRENT_PROJECT_VERSION = 1;
				DEFINES_MODULE = YES;
				DEVELOPMENT_TEAM = 9X9VYGUMW9;
				DYLIB_COMPATIBILITY_VERSION = 1;
				DYLIB_CURRENT_VERSION = 1;
				DYLIB_INSTALL_NAME_BASE = "@rpath";
				GENERATE_INFOPLIST_FILE = YES;
				INFOPLIST_KEY_NSHumanReadableCopyright = "";
				INSTALL_PATH = "$(LOCAL_LIBRARY_DIR)/Frameworks";
				LD_RUNPATH_SEARCH_PATHS = (
					"$(inherited)",
					"@executable_path/Frameworks",
					"@loader_path/Frameworks",
				);
				MARKETING_VERSION = 1.0;
				PRODUCT_BUNDLE_IDENTIFIER = com.smapps.Activities;
				PRODUCT_NAME = "$(TARGET_NAME:c99extidentifier)";
				SKIP_INSTALL = YES;
				SWIFT_EMIT_LOC_STRINGS = YES;
				SWIFT_VERSION = 5.0;
				TARGETED_DEVICE_FAMILY = "1,2";
			};
			name = Release;
		};
		504B5F83289A924B001F0035 /* Debug */ = {
			isa = XCBuildConfiguration;
			baseConfigurationReference = B5C5BF3F728B32F3CB12AF26 /* Pods-ActivitiesTests.debug.xcconfig */;
			buildSettings = {
				ALWAYS_EMBED_SWIFT_STANDARD_LIBRARIES = YES;
				CODE_SIGN_STYLE = Automatic;
				CURRENT_PROJECT_VERSION = 1;
				DEVELOPMENT_TEAM = 9X9VYGUMW9;
				GENERATE_INFOPLIST_FILE = YES;
				MARKETING_VERSION = 1.0;
				PRODUCT_BUNDLE_IDENTIFIER = com.smapps.ActivitiesTests;
				PRODUCT_NAME = "$(TARGET_NAME)";
				SWIFT_EMIT_LOC_STRINGS = NO;
				SWIFT_VERSION = 5.0;
				TARGETED_DEVICE_FAMILY = "1,2";
			};
			name = Debug;
		};
		504B5F84289A924B001F0035 /* Release */ = {
			isa = XCBuildConfiguration;
			baseConfigurationReference = D4869FE608A6D3725ADD003C /* Pods-ActivitiesTests.release.xcconfig */;
			buildSettings = {
				ALWAYS_EMBED_SWIFT_STANDARD_LIBRARIES = YES;
				CODE_SIGN_STYLE = Automatic;
				CURRENT_PROJECT_VERSION = 1;
				DEVELOPMENT_TEAM = 9X9VYGUMW9;
				GENERATE_INFOPLIST_FILE = YES;
				MARKETING_VERSION = 1.0;
				PRODUCT_BUNDLE_IDENTIFIER = com.smapps.ActivitiesTests;
				PRODUCT_NAME = "$(TARGET_NAME)";
				SWIFT_EMIT_LOC_STRINGS = NO;
				SWIFT_VERSION = 5.0;
				TARGETED_DEVICE_FAMILY = "1,2";
			};
			name = Release;
		};
/* End XCBuildConfiguration section */

/* Begin XCConfigurationList section */
		504B5F65289A924A001F0035 /* Build configuration list for PBXProject "Activities" */ = {
			isa = XCConfigurationList;
			buildConfigurations = (
				504B5F7D289A924B001F0035 /* Debug */,
				504B5F7E289A924B001F0035 /* Release */,
			);
			defaultConfigurationIsVisible = 0;
			defaultConfigurationName = Release;
		};
		504B5F7F289A924B001F0035 /* Build configuration list for PBXNativeTarget "Activities" */ = {
			isa = XCConfigurationList;
			buildConfigurations = (
				504B5F80289A924B001F0035 /* Debug */,
				504B5F81289A924B001F0035 /* Release */,
			);
			defaultConfigurationIsVisible = 0;
			defaultConfigurationName = Release;
		};
		504B5F82289A924B001F0035 /* Build configuration list for PBXNativeTarget "ActivitiesTests" */ = {
			isa = XCConfigurationList;
			buildConfigurations = (
				504B5F83289A924B001F0035 /* Debug */,
				504B5F84289A924B001F0035 /* Release */,
			);
			defaultConfigurationIsVisible = 0;
			defaultConfigurationName = Release;
		};
/* End XCConfigurationList section */
	};
	rootObject = 504B5F62289A924A001F0035 /* Project object */;
}
