// !$*UTF8*$!
{
	archiveVersion = 1;
	classes = {
	};
	objectVersion = 50;
	objects = {

/* Begin PBXBuildFile section */
		29ACBD5FDDEC8167E0F83A33 /* Pods_Core.framework in Frameworks */ = {isa = PBXBuildFile; fileRef = 902E15108FD5D5D5256B40C3 /* Pods_Core.framework */; };
		5006122C278785C3006E54A6 /* DateTime.swift in Sources */ = {isa = PBXBuildFile; fileRef = 5006122B278785C3006E54A6 /* DateTime.swift */; };
		5006122E278787B0006E54A6 /* Posts.graphql in Resources */ = {isa = PBXBuildFile; fileRef = 5006122D278787B0006E54A6 /* Posts.graphql */; };
		5006123227886772006E54A6 /* Date+Util.swift in Sources */ = {isa = PBXBuildFile; fileRef = 5006123127886772006E54A6 /* Date+Util.swift */; };
		5027DC6827B7C64A00EC92CB /* UITableView+beginRefreshing.swift in Sources */ = {isa = PBXBuildFile; fileRef = 5027DC6727B7C64A00EC92CB /* UITableView+beginRefreshing.swift */; };
		506C543A2864CB8200C43445 /* Int+secondsToHoursMinutesSeconds.swift in Sources */ = {isa = PBXBuildFile; fileRef = 506C54392864CB8200C43445 /* Int+secondsToHoursMinutesSeconds.swift */; };
		5080D69A27DA01AC0039C776 /* SelectionView.swift in Sources */ = {isa = PBXBuildFile; fileRef = 5080D69427DA01AA0039C776 /* SelectionView.swift */; };
		5080D69B27DA01AC0039C776 /* SelectorView+Extensions.swift in Sources */ = {isa = PBXBuildFile; fileRef = 5080D69527DA01AA0039C776 /* SelectorView+Extensions.swift */; };
		5080D69C27DA01AC0039C776 /* SelectableCell.swift in Sources */ = {isa = PBXBuildFile; fileRef = 5080D69627DA01AB0039C776 /* SelectableCell.swift */; };
		5080D69D27DA01AC0039C776 /* SelectorItem.swift in Sources */ = {isa = PBXBuildFile; fileRef = 5080D69727DA01AB0039C776 /* SelectorItem.swift */; };
		5080D69E27DA01AC0039C776 /* FlowLayout.swift in Sources */ = {isa = PBXBuildFile; fileRef = 5080D69827DA01AC0039C776 /* FlowLayout.swift */; };
		5080D69F27DA01AC0039C776 /* SelectionType.swift in Sources */ = {isa = PBXBuildFile; fileRef = 5080D69927DA01AC0039C776 /* SelectionType.swift */; };
		5080D6A127DA47E60039C776 /* UpdateUserProfile.graphql in Resources */ = {isa = PBXBuildFile; fileRef = 5080D6A027DA47E60039C776 /* UpdateUserProfile.graphql */; };
		5081566127B53ED10072A8D7 /* Notification.swift in Sources */ = {isa = PBXBuildFile; fileRef = 5081566027B53ED10072A8D7 /* Notification.swift */; };
		5081568627B6587D0072A8D7 /* UploadActivity.graphql in Resources */ = {isa = PBXBuildFile; fileRef = 5081568527B6587D0072A8D7 /* UploadActivity.graphql */; };
		5085F95327BD436F008E05FD /* KalmanFilter.swift in Sources */ = {isa = PBXBuildFile; fileRef = 5085F95227BD436F008E05FD /* KalmanFilter.swift */; };
		508611D128634B6A00DA36C9 /* Networking.swift in Sources */ = {isa = PBXBuildFile; fileRef = 508611D028634B6A00DA36C9 /* Networking.swift */; };
		508611D328634CB500DA36C9 /* AppConfig.swift in Sources */ = {isa = PBXBuildFile; fileRef = 508611D228634CB500DA36C9 /* AppConfig.swift */; };
		508611D528634FAA00DA36C9 /* AthleteActivity.swift in Sources */ = {isa = PBXBuildFile; fileRef = 508611D428634FAA00DA36C9 /* AthleteActivity.swift */; };
		508611D72863511700DA36C9 /* AthleteActivityTimeline.swift in Sources */ = {isa = PBXBuildFile; fileRef = 508611D62863511700DA36C9 /* AthleteActivityTimeline.swift */; };
		509805A8273979790063219B /* Core.framework in Frameworks */ = {isa = PBXBuildFile; fileRef = 5098059E273979790063219B /* Core.framework */; };
		509805AD273979790063219B /* CoreTests.swift in Sources */ = {isa = PBXBuildFile; fileRef = 509805AC273979790063219B /* CoreTests.swift */; };
		509805AF273979790063219B /* Core.h in Headers */ = {isa = PBXBuildFile; fileRef = 509805A1273979790063219B /* Core.h */; settings = {ATTRIBUTES = (Public, ); }; };
		509805C027397ABC0063219B /* Alertable.swift in Sources */ = {isa = PBXBuildFile; fileRef = 509805B927397ABC0063219B /* Alertable.swift */; };
		509805C127397ABC0063219B /* DependencyManager.swift in Sources */ = {isa = PBXBuildFile; fileRef = 509805BA27397ABC0063219B /* DependencyManager.swift */; };
		509805C227397ABC0063219B /* DependencyProvider.swift in Sources */ = {isa = PBXBuildFile; fileRef = 509805BB27397ABC0063219B /* DependencyProvider.swift */; };
		509805C327397ABC0063219B /* Builder.swift in Sources */ = {isa = PBXBuildFile; fileRef = 509805BC27397ABC0063219B /* Builder.swift */; };
		509805C427397ABC0063219B /* Dependency.swift in Sources */ = {isa = PBXBuildFile; fileRef = 509805BD27397ABC0063219B /* Dependency.swift */; };
		509805C527397ABC0063219B /* Module.swift in Sources */ = {isa = PBXBuildFile; fileRef = 509805BE27397ABC0063219B /* Module.swift */; };
		509805C627397ABC0063219B /* BaseCoordinator.swift in Sources */ = {isa = PBXBuildFile; fileRef = 509805BF27397ABC0063219B /* BaseCoordinator.swift */; };
		509805CF27397ACB0063219B /* ViewController.swift in Sources */ = {isa = PBXBuildFile; fileRef = 509805C827397ACB0063219B /* ViewController.swift */; };
		509805D027397ACB0063219B /* ViewState.swift in Sources */ = {isa = PBXBuildFile; fileRef = 509805C927397ACB0063219B /* ViewState.swift */; };
		509805D127397ACB0063219B /* Presentable.swift in Sources */ = {isa = PBXBuildFile; fileRef = 509805CA27397ACB0063219B /* Presentable.swift */; };
		509805D227397ACB0063219B /* ViewModellable.swift in Sources */ = {isa = PBXBuildFile; fileRef = 509805CB27397ACB0063219B /* ViewModellable.swift */; };
		509805D327397ACB0063219B /* NavigationControllable.swift in Sources */ = {isa = PBXBuildFile; fileRef = 509805CC27397ACB0063219B /* NavigationControllable.swift */; };
		509805D427397ACB0063219B /* Dequeueable.swift in Sources */ = {isa = PBXBuildFile; fileRef = 509805CD27397ACB0063219B /* Dequeueable.swift */; };
		509805D527397ACB0063219B /* ViewControllable.swift in Sources */ = {isa = PBXBuildFile; fileRef = 509805CE27397ACB0063219B /* ViewControllable.swift */; };
		509805D927397ADF0063219B /* UIWindow+Utils.swift in Sources */ = {isa = PBXBuildFile; fileRef = 509805D727397ADF0063219B /* UIWindow+Utils.swift */; };
		509805DA27397ADF0063219B /* UIApplication+Utils.swift in Sources */ = {isa = PBXBuildFile; fileRef = 509805D827397ADF0063219B /* UIApplication+Utils.swift */; };
		50AC025B27C90FE000B8EB5E /* SuggestedAthletes.graphql in Resources */ = {isa = PBXBuildFile; fileRef = 50AC025A27C90FE000B8EB5E /* SuggestedAthletes.graphql */; };
		50AC025D27C9243300B8EB5E /* TableViewSectionHeader.swift in Sources */ = {isa = PBXBuildFile; fileRef = 50AC025C27C9243300B8EB5E /* TableViewSectionHeader.swift */; };
		50AC025F27C934F300B8EB5E /* FollowAthlete.graphql in Resources */ = {isa = PBXBuildFile; fileRef = 50AC025E27C934F300B8EB5E /* FollowAthlete.graphql */; };
		50AC026127C9354500B8EB5E /* UnFollowAthlete.graphql in Resources */ = {isa = PBXBuildFile; fileRef = 50AC026027C9354500B8EB5E /* UnFollowAthlete.graphql */; };
		50B20332279ADCA6008AA037 /* UIImageView+Utils.swift in Sources */ = {isa = PBXBuildFile; fileRef = 50B20331279ADCA6008AA037 /* UIImageView+Utils.swift */; };
		50BB8B33277B2D6C00FF6834 /* schema.json in Resources */ = {isa = PBXBuildFile; fileRef = 50BB8B32277B2D6C00FF6834 /* schema.json */; };
		50BB8B37277B2E9000FF6834 /* Users.graphql in Resources */ = {isa = PBXBuildFile; fileRef = 50BB8B36277B2E9000FF6834 /* Users.graphql */; };
		50BB8B39277B2EC100FF6834 /* API.swift in Sources */ = {isa = PBXBuildFile; fileRef = 50BB8B38277B2EC100FF6834 /* API.swift */; };
		50BB8B3C277B2F8A00FF6834 /* CreateUser.graphql in Resources */ = {isa = PBXBuildFile; fileRef = 50BB8B3B277B2F8A00FF6834 /* CreateUser.graphql */; };
		50BB8B3F277B34FC00FF6834 /* GraphQLClient.swift in Sources */ = {isa = PBXBuildFile; fileRef = 50BB8B3E277B34FC00FF6834 /* GraphQLClient.swift */; };
		50BB8B41277B350D00FF6834 /* ApolloClient+Rx.swift in Sources */ = {isa = PBXBuildFile; fileRef = 50BB8B40277B350D00FF6834 /* ApolloClient+Rx.swift */; };
		50BB8B44277B35AE00FF6834 /* GraphQLClientProtocol.swift in Sources */ = {isa = PBXBuildFile; fileRef = 50BB8B43277B35AE00FF6834 /* GraphQLClientProtocol.swift */; };
		50BB8B49277B366C00FF6834 /* ConfigType.swift in Sources */ = {isa = PBXBuildFile; fileRef = 50BB8B48277B366C00FF6834 /* ConfigType.swift */; };
		50BB8B4B277B367A00FF6834 /* Environment.swift in Sources */ = {isa = PBXBuildFile; fileRef = 50BB8B4A277B367A00FF6834 /* Environment.swift */; };
		50BB8B4E277B36E400FF6834 /* URL+Util.swift in Sources */ = {isa = PBXBuildFile; fileRef = 50BB8B4D277B36E400FF6834 /* URL+Util.swift */; };
		50BD1FCB27CCD95E00AA94CB /* SearchUsers.graphql in Resources */ = {isa = PBXBuildFile; fileRef = 50BD1FCA27CCD95E00AA94CB /* SearchUsers.graphql */; };
		50BD1FD527CE3F6D00AA94CB /* FollowAll.graphql in Resources */ = {isa = PBXBuildFile; fileRef = 50BD1FD427CE3F6D00AA94CB /* FollowAll.graphql */; };
		50BD1FD727CE3FD000AA94CB /* UnfllowAll.graphql in Resources */ = {isa = PBXBuildFile; fileRef = 50BD1FD627CE3FD000AA94CB /* UnfllowAll.graphql */; };
		50BD1FD927D36C6B00AA94CB /* Double.swift in Sources */ = {isa = PBXBuildFile; fileRef = 50BD1FD827D36C6B00AA94CB /* Double.swift */; };
		50BE980E278DB0F00019D9B4 /* LikePost.graphql in Resources */ = {isa = PBXBuildFile; fileRef = 50BE980D278DB0F00019D9B4 /* LikePost.graphql */; };
		50BE9810278DC1E60019D9B4 /* UnlikePost.graphql in Resources */ = {isa = PBXBuildFile; fileRef = 50BE980F278DC1E60019D9B4 /* UnlikePost.graphql */; };
		50BE9853278F06C90019D9B4 /* Activity.swift in Sources */ = {isa = PBXBuildFile; fileRef = 50BE9852278F06C90019D9B4 /* Activity.swift */; };
		50C7DF382791CAE100015861 /* KeyboardObserving.swift in Sources */ = {isa = PBXBuildFile; fileRef = 50C7DF372791CAE100015861 /* KeyboardObserving.swift */; };
		50C7DF3E2795AB6500015861 /* CommentOnPost.graphql in Resources */ = {isa = PBXBuildFile; fileRef = 50C7DF3D2795AB6400015861 /* CommentOnPost.graphql */; };
		50CD12C727871E8900B5D1DC /* String+Util.swift in Sources */ = {isa = PBXBuildFile; fileRef = 50CD12C627871E8900B5D1DC /* String+Util.swift */; };
		50E8E4E62742D66000FB73FA /* Location.swift in Sources */ = {isa = PBXBuildFile; fileRef = 50E8E4E52742D66000FB73FA /* Location.swift */; };
		50E8E4E82743CB1600FB73FA /* SportCourtAnnotation.swift in Sources */ = {isa = PBXBuildFile; fileRef = 50E8E4E72743CB1600FB73FA /* SportCourtAnnotation.swift */; };
/* End PBXBuildFile section */

/* Begin PBXContainerItemProxy section */
		509805A9273979790063219B /* PBXContainerItemProxy */ = {
			isa = PBXContainerItemProxy;
			containerPortal = 50980595273979790063219B /* Project object */;
			proxyType = 1;
			remoteGlobalIDString = 5098059D273979790063219B;
			remoteInfo = Core;
		};
/* End PBXContainerItemProxy section */

/* Begin PBXFileReference section */
		5006122B278785C3006E54A6 /* DateTime.swift */ = {isa = PBXFileReference; lastKnownFileType = sourcecode.swift; path = DateTime.swift; sourceTree = "<group>"; };
		5006122D278787B0006E54A6 /* Posts.graphql */ = {isa = PBXFileReference; lastKnownFileType = text; path = Posts.graphql; sourceTree = "<group>"; };
		5006123127886772006E54A6 /* Date+Util.swift */ = {isa = PBXFileReference; lastKnownFileType = sourcecode.swift; path = "Date+Util.swift"; sourceTree = "<group>"; };
		5027DC6727B7C64A00EC92CB /* UITableView+beginRefreshing.swift */ = {isa = PBXFileReference; lastKnownFileType = sourcecode.swift; path = "UITableView+beginRefreshing.swift"; sourceTree = "<group>"; };
		506C54392864CB8200C43445 /* Int+secondsToHoursMinutesSeconds.swift */ = {isa = PBXFileReference; lastKnownFileType = sourcecode.swift; path = "Int+secondsToHoursMinutesSeconds.swift"; sourceTree = "<group>"; };
		5080D69427DA01AA0039C776 /* SelectionView.swift */ = {isa = PBXFileReference; fileEncoding = 4; lastKnownFileType = sourcecode.swift; path = SelectionView.swift; sourceTree = "<group>"; };
		5080D69527DA01AA0039C776 /* SelectorView+Extensions.swift */ = {isa = PBXFileReference; fileEncoding = 4; lastKnownFileType = sourcecode.swift; path = "SelectorView+Extensions.swift"; sourceTree = "<group>"; };
		5080D69627DA01AB0039C776 /* SelectableCell.swift */ = {isa = PBXFileReference; fileEncoding = 4; lastKnownFileType = sourcecode.swift; path = SelectableCell.swift; sourceTree = "<group>"; };
		5080D69727DA01AB0039C776 /* SelectorItem.swift */ = {isa = PBXFileReference; fileEncoding = 4; lastKnownFileType = sourcecode.swift; path = SelectorItem.swift; sourceTree = "<group>"; };
		5080D69827DA01AC0039C776 /* FlowLayout.swift */ = {isa = PBXFileReference; fileEncoding = 4; lastKnownFileType = sourcecode.swift; path = FlowLayout.swift; sourceTree = "<group>"; };
		5080D69927DA01AC0039C776 /* SelectionType.swift */ = {isa = PBXFileReference; fileEncoding = 4; lastKnownFileType = sourcecode.swift; path = SelectionType.swift; sourceTree = "<group>"; };
		5080D6A027DA47E60039C776 /* UpdateUserProfile.graphql */ = {isa = PBXFileReference; lastKnownFileType = text; path = UpdateUserProfile.graphql; sourceTree = "<group>"; };
		5081566027B53ED10072A8D7 /* Notification.swift */ = {isa = PBXFileReference; lastKnownFileType = sourcecode.swift; path = Notification.swift; sourceTree = "<group>"; };
		5081568527B6587D0072A8D7 /* UploadActivity.graphql */ = {isa = PBXFileReference; lastKnownFileType = text; path = UploadActivity.graphql; sourceTree = "<group>"; };
		5085F95227BD436F008E05FD /* KalmanFilter.swift */ = {isa = PBXFileReference; lastKnownFileType = sourcecode.swift; path = KalmanFilter.swift; sourceTree = "<group>"; };
		508611D028634B6A00DA36C9 /* Networking.swift */ = {isa = PBXFileReference; lastKnownFileType = sourcecode.swift; path = Networking.swift; sourceTree = "<group>"; };
		508611D228634CB500DA36C9 /* AppConfig.swift */ = {isa = PBXFileReference; fileEncoding = 4; lastKnownFileType = sourcecode.swift; path = AppConfig.swift; sourceTree = "<group>"; };
		508611D428634FAA00DA36C9 /* AthleteActivity.swift */ = {isa = PBXFileReference; lastKnownFileType = sourcecode.swift; path = AthleteActivity.swift; sourceTree = "<group>"; };
		508611D62863511700DA36C9 /* AthleteActivityTimeline.swift */ = {isa = PBXFileReference; lastKnownFileType = sourcecode.swift; path = AthleteActivityTimeline.swift; sourceTree = "<group>"; };
		5098059E273979790063219B /* Core.framework */ = {isa = PBXFileReference; explicitFileType = wrapper.framework; includeInIndex = 0; path = Core.framework; sourceTree = BUILT_PRODUCTS_DIR; };
		509805A1273979790063219B /* Core.h */ = {isa = PBXFileReference; lastKnownFileType = sourcecode.c.h; path = Core.h; sourceTree = "<group>"; };
		509805A2273979790063219B /* Info.plist */ = {isa = PBXFileReference; lastKnownFileType = text.plist.xml; path = Info.plist; sourceTree = "<group>"; };
		509805A7273979790063219B /* CoreTests.xctest */ = {isa = PBXFileReference; explicitFileType = wrapper.cfbundle; includeInIndex = 0; path = CoreTests.xctest; sourceTree = BUILT_PRODUCTS_DIR; };
		509805AC273979790063219B /* CoreTests.swift */ = {isa = PBXFileReference; lastKnownFileType = sourcecode.swift; path = CoreTests.swift; sourceTree = "<group>"; };
		509805AE273979790063219B /* Info.plist */ = {isa = PBXFileReference; lastKnownFileType = text.plist.xml; path = Info.plist; sourceTree = "<group>"; };
		509805B927397ABC0063219B /* Alertable.swift */ = {isa = PBXFileReference; fileEncoding = 4; lastKnownFileType = sourcecode.swift; path = Alertable.swift; sourceTree = "<group>"; };
		509805BA27397ABC0063219B /* DependencyManager.swift */ = {isa = PBXFileReference; fileEncoding = 4; lastKnownFileType = sourcecode.swift; path = DependencyManager.swift; sourceTree = "<group>"; };
		509805BB27397ABC0063219B /* DependencyProvider.swift */ = {isa = PBXFileReference; fileEncoding = 4; lastKnownFileType = sourcecode.swift; path = DependencyProvider.swift; sourceTree = "<group>"; };
		509805BC27397ABC0063219B /* Builder.swift */ = {isa = PBXFileReference; fileEncoding = 4; lastKnownFileType = sourcecode.swift; path = Builder.swift; sourceTree = "<group>"; };
		509805BD27397ABC0063219B /* Dependency.swift */ = {isa = PBXFileReference; fileEncoding = 4; lastKnownFileType = sourcecode.swift; path = Dependency.swift; sourceTree = "<group>"; };
		509805BE27397ABC0063219B /* Module.swift */ = {isa = PBXFileReference; fileEncoding = 4; lastKnownFileType = sourcecode.swift; path = Module.swift; sourceTree = "<group>"; };
		509805BF27397ABC0063219B /* BaseCoordinator.swift */ = {isa = PBXFileReference; fileEncoding = 4; lastKnownFileType = sourcecode.swift; path = BaseCoordinator.swift; sourceTree = "<group>"; };
		509805C827397ACB0063219B /* ViewController.swift */ = {isa = PBXFileReference; fileEncoding = 4; lastKnownFileType = sourcecode.swift; path = ViewController.swift; sourceTree = "<group>"; };
		509805C927397ACB0063219B /* ViewState.swift */ = {isa = PBXFileReference; fileEncoding = 4; lastKnownFileType = sourcecode.swift; path = ViewState.swift; sourceTree = "<group>"; };
		509805CA27397ACB0063219B /* Presentable.swift */ = {isa = PBXFileReference; fileEncoding = 4; lastKnownFileType = sourcecode.swift; path = Presentable.swift; sourceTree = "<group>"; };
		509805CB27397ACB0063219B /* ViewModellable.swift */ = {isa = PBXFileReference; fileEncoding = 4; lastKnownFileType = sourcecode.swift; path = ViewModellable.swift; sourceTree = "<group>"; };
		509805CC27397ACB0063219B /* NavigationControllable.swift */ = {isa = PBXFileReference; fileEncoding = 4; lastKnownFileType = sourcecode.swift; path = NavigationControllable.swift; sourceTree = "<group>"; };
		509805CD27397ACB0063219B /* Dequeueable.swift */ = {isa = PBXFileReference; fileEncoding = 4; lastKnownFileType = sourcecode.swift; path = Dequeueable.swift; sourceTree = "<group>"; };
		509805CE27397ACB0063219B /* ViewControllable.swift */ = {isa = PBXFileReference; fileEncoding = 4; lastKnownFileType = sourcecode.swift; path = ViewControllable.swift; sourceTree = "<group>"; };
		509805D727397ADF0063219B /* UIWindow+Utils.swift */ = {isa = PBXFileReference; fileEncoding = 4; lastKnownFileType = sourcecode.swift; path = "UIWindow+Utils.swift"; sourceTree = "<group>"; };
		509805D827397ADF0063219B /* UIApplication+Utils.swift */ = {isa = PBXFileReference; fileEncoding = 4; lastKnownFileType = sourcecode.swift; path = "UIApplication+Utils.swift"; sourceTree = "<group>"; };
		50AC025A27C90FE000B8EB5E /* SuggestedAthletes.graphql */ = {isa = PBXFileReference; lastKnownFileType = text; path = SuggestedAthletes.graphql; sourceTree = "<group>"; };
		50AC025C27C9243300B8EB5E /* TableViewSectionHeader.swift */ = {isa = PBXFileReference; fileEncoding = 4; lastKnownFileType = sourcecode.swift; name = TableViewSectionHeader.swift; path = ../../../../Features/Discussion/Discussion/Views/TableViewSectionHeader.swift; sourceTree = "<group>"; };
		50AC025E27C934F300B8EB5E /* FollowAthlete.graphql */ = {isa = PBXFileReference; lastKnownFileType = text; path = FollowAthlete.graphql; sourceTree = "<group>"; };
		50AC026027C9354500B8EB5E /* UnFollowAthlete.graphql */ = {isa = PBXFileReference; lastKnownFileType = text; path = UnFollowAthlete.graphql; sourceTree = "<group>"; };
		50B20331279ADCA6008AA037 /* UIImageView+Utils.swift */ = {isa = PBXFileReference; lastKnownFileType = sourcecode.swift; path = "UIImageView+Utils.swift"; sourceTree = "<group>"; };
		50BB8B32277B2D6C00FF6834 /* schema.json */ = {isa = PBXFileReference; fileEncoding = 4; lastKnownFileType = text.json; path = schema.json; sourceTree = "<group>"; };
		50BB8B36277B2E9000FF6834 /* Users.graphql */ = {isa = PBXFileReference; lastKnownFileType = text; path = Users.graphql; sourceTree = "<group>"; };
		50BB8B38277B2EC100FF6834 /* API.swift */ = {isa = PBXFileReference; fileEncoding = 4; lastKnownFileType = sourcecode.swift; path = API.swift; sourceTree = "<group>"; };
		50BB8B3B277B2F8A00FF6834 /* CreateUser.graphql */ = {isa = PBXFileReference; lastKnownFileType = text; path = CreateUser.graphql; sourceTree = "<group>"; };
		50BB8B3E277B34FC00FF6834 /* GraphQLClient.swift */ = {isa = PBXFileReference; lastKnownFileType = sourcecode.swift; path = GraphQLClient.swift; sourceTree = "<group>"; };
		50BB8B40277B350D00FF6834 /* ApolloClient+Rx.swift */ = {isa = PBXFileReference; lastKnownFileType = sourcecode.swift; path = "ApolloClient+Rx.swift"; sourceTree = "<group>"; };
		50BB8B43277B35AE00FF6834 /* GraphQLClientProtocol.swift */ = {isa = PBXFileReference; lastKnownFileType = sourcecode.swift; path = GraphQLClientProtocol.swift; sourceTree = "<group>"; };
		50BB8B46277B366000FF6834 /* AppConfig.swift */ = {isa = PBXFileReference; lastKnownFileType = sourcecode.swift; name = AppConfig.swift; path = Core/GraphQL/Protocols/AppConfig.swift; sourceTree = SOURCE_ROOT; };
		50BB8B48277B366C00FF6834 /* ConfigType.swift */ = {isa = PBXFileReference; lastKnownFileType = sourcecode.swift; path = ConfigType.swift; sourceTree = "<group>"; };
		50BB8B4A277B367A00FF6834 /* Environment.swift */ = {isa = PBXFileReference; lastKnownFileType = sourcecode.swift; path = Environment.swift; sourceTree = "<group>"; };
		50BB8B4D277B36E400FF6834 /* URL+Util.swift */ = {isa = PBXFileReference; lastKnownFileType = sourcecode.swift; name = "URL+Util.swift"; path = "Core/Configs/URL+Util.swift"; sourceTree = SOURCE_ROOT; };
		50BD1FCA27CCD95E00AA94CB /* SearchUsers.graphql */ = {isa = PBXFileReference; lastKnownFileType = text; path = SearchUsers.graphql; sourceTree = "<group>"; };
		50BD1FD427CE3F6D00AA94CB /* FollowAll.graphql */ = {isa = PBXFileReference; lastKnownFileType = text; path = FollowAll.graphql; sourceTree = "<group>"; };
		50BD1FD627CE3FD000AA94CB /* UnfllowAll.graphql */ = {isa = PBXFileReference; lastKnownFileType = text; path = UnfllowAll.graphql; sourceTree = "<group>"; };
		50BD1FD827D36C6B00AA94CB /* Double.swift */ = {isa = PBXFileReference; lastKnownFileType = sourcecode.swift; path = Double.swift; sourceTree = "<group>"; };
		50BE980D278DB0F00019D9B4 /* LikePost.graphql */ = {isa = PBXFileReference; lastKnownFileType = text; path = LikePost.graphql; sourceTree = "<group>"; };
		50BE980F278DC1E60019D9B4 /* UnlikePost.graphql */ = {isa = PBXFileReference; lastKnownFileType = text; path = UnlikePost.graphql; sourceTree = "<group>"; };
		50BE9852278F06C90019D9B4 /* Activity.swift */ = {isa = PBXFileReference; fileEncoding = 4; lastKnownFileType = sourcecode.swift; path = Activity.swift; sourceTree = "<group>"; };
		50C7DF372791CAE100015861 /* KeyboardObserving.swift */ = {isa = PBXFileReference; lastKnownFileType = sourcecode.swift; path = KeyboardObserving.swift; sourceTree = "<group>"; };
		50C7DF3D2795AB6400015861 /* CommentOnPost.graphql */ = {isa = PBXFileReference; lastKnownFileType = text; path = CommentOnPost.graphql; sourceTree = "<group>"; };
		50CD12C627871E8900B5D1DC /* String+Util.swift */ = {isa = PBXFileReference; lastKnownFileType = sourcecode.swift; path = "String+Util.swift"; sourceTree = "<group>"; };
		50E8E4E52742D66000FB73FA /* Location.swift */ = {isa = PBXFileReference; fileEncoding = 4; lastKnownFileType = sourcecode.swift; path = Location.swift; sourceTree = "<group>"; };
		50E8E4E72743CB1600FB73FA /* SportCourtAnnotation.swift */ = {isa = PBXFileReference; lastKnownFileType = sourcecode.swift; path = SportCourtAnnotation.swift; sourceTree = "<group>"; };
		83D4DBDB9AB02965F02F13A8 /* Pods-Core.release.xcconfig */ = {isa = PBXFileReference; includeInIndex = 1; lastKnownFileType = text.xcconfig; name = "Pods-Core.release.xcconfig"; path = "Target Support Files/Pods-Core/Pods-Core.release.xcconfig"; sourceTree = "<group>"; };
		902E15108FD5D5D5256B40C3 /* Pods_Core.framework */ = {isa = PBXFileReference; explicitFileType = wrapper.framework; includeInIndex = 0; path = Pods_Core.framework; sourceTree = BUILT_PRODUCTS_DIR; };
		EC859DBC484B54222BB5D789 /* Pods-Core.debug.xcconfig */ = {isa = PBXFileReference; includeInIndex = 1; lastKnownFileType = text.xcconfig; name = "Pods-Core.debug.xcconfig"; path = "Target Support Files/Pods-Core/Pods-Core.debug.xcconfig"; sourceTree = "<group>"; };
/* End PBXFileReference section */

/* Begin PBXFrameworksBuildPhase section */
		5098059B273979790063219B /* Frameworks */ = {
			isa = PBXFrameworksBuildPhase;
			buildActionMask = 2147483647;
			files = (
				29ACBD5FDDEC8167E0F83A33 /* Pods_Core.framework in Frameworks */,
			);
			runOnlyForDeploymentPostprocessing = 0;
		};
		509805A4273979790063219B /* Frameworks */ = {
			isa = PBXFrameworksBuildPhase;
			buildActionMask = 2147483647;
			files = (
				509805A8273979790063219B /* Core.framework in Frameworks */,
			);
			runOnlyForDeploymentPostprocessing = 0;
		};
/* End PBXFrameworksBuildPhase section */

/* Begin PBXGroup section */
		5080D69327DA01A00039C776 /* SelectorView */ = {
			isa = PBXGroup;
			children = (
				5080D69827DA01AC0039C776 /* FlowLayout.swift */,
				5080D69627DA01AB0039C776 /* SelectableCell.swift */,
				5080D69927DA01AC0039C776 /* SelectionType.swift */,
				5080D69427DA01AA0039C776 /* SelectionView.swift */,
				5080D69727DA01AB0039C776 /* SelectorItem.swift */,
				5080D69527DA01AA0039C776 /* SelectorView+Extensions.swift */,
			);
			path = SelectorView;
			sourceTree = "<group>";
		};
		508611CE28634B4200DA36C9 /* Networking */ = {
			isa = PBXGroup;
			children = (
				508611CF28634B5200DA36C9 /* REST */,
				50B78D5A277B1DF40010BEAC /* GraphQL */,
			);
			path = Networking;
			sourceTree = "<group>";
		};
		508611CF28634B5200DA36C9 /* REST */ = {
			isa = PBXGroup;
			children = (
				508611D028634B6A00DA36C9 /* Networking.swift */,
			);
			path = REST;
			sourceTree = "<group>";
		};
		50980594273979790063219B = {
			isa = PBXGroup;
			children = (
				509805A0273979790063219B /* Core */,
				509805AB273979790063219B /* CoreTests */,
				5098059F273979790063219B /* Products */,
				6F0EE669A833D97C2AD14EF0 /* Pods */,
				69B5870256F48B3EFF3095B2 /* Frameworks */,
			);
			sourceTree = "<group>";
		};
		5098059F273979790063219B /* Products */ = {
			isa = PBXGroup;
			children = (
				5098059E273979790063219B /* Core.framework */,
				509805A7273979790063219B /* CoreTests.xctest */,
			);
			name = Products;
			sourceTree = "<group>";
		};
		509805A0273979790063219B /* Core */ = {
			isa = PBXGroup;
			children = (
				508611CE28634B4200DA36C9 /* Networking */,
				50BB8B4C277B36DA00FF6834 /* Utils */,
				50BB8B45277B365800FF6834 /* Configs */,
				509805D627397ADF0063219B /* Extenstions */,
				509805B827397ABC0063219B /* Common */,
				509805C727397ACB0063219B /* UI */,
				509805A1273979790063219B /* Core.h */,
				509805A2273979790063219B /* Info.plist */,
			);
			path = Core;
			sourceTree = "<group>";
		};
		509805AB273979790063219B /* CoreTests */ = {
			isa = PBXGroup;
			children = (
				509805AC273979790063219B /* CoreTests.swift */,
				509805AE273979790063219B /* Info.plist */,
			);
			path = CoreTests;
			sourceTree = "<group>";
		};
		509805B827397ABC0063219B /* Common */ = {
			isa = PBXGroup;
			children = (
				50E8E4E42742D64C00FB73FA /* Models */,
				509805B927397ABC0063219B /* Alertable.swift */,
				509805BA27397ABC0063219B /* DependencyManager.swift */,
				509805BB27397ABC0063219B /* DependencyProvider.swift */,
				509805BC27397ABC0063219B /* Builder.swift */,
				509805BD27397ABC0063219B /* Dependency.swift */,
				509805BE27397ABC0063219B /* Module.swift */,
				509805BF27397ABC0063219B /* BaseCoordinator.swift */,
				5081566027B53ED10072A8D7 /* Notification.swift */,
				5085F95227BD436F008E05FD /* KalmanFilter.swift */,
			);
			path = Common;
			sourceTree = "<group>";
		};
		509805C727397ACB0063219B /* UI */ = {
			isa = PBXGroup;
			children = (
				5080D69327DA01A00039C776 /* SelectorView */,
				509805C827397ACB0063219B /* ViewController.swift */,
				509805C927397ACB0063219B /* ViewState.swift */,
				509805CA27397ACB0063219B /* Presentable.swift */,
				509805CB27397ACB0063219B /* ViewModellable.swift */,
				509805CC27397ACB0063219B /* NavigationControllable.swift */,
				509805CD27397ACB0063219B /* Dequeueable.swift */,
				509805CE27397ACB0063219B /* ViewControllable.swift */,
				50C7DF372791CAE100015861 /* KeyboardObserving.swift */,
				50AC025C27C9243300B8EB5E /* TableViewSectionHeader.swift */,
			);
			path = UI;
			sourceTree = "<group>";
		};
		509805D627397ADF0063219B /* Extenstions */ = {
			isa = PBXGroup;
			children = (
				509805D727397ADF0063219B /* UIWindow+Utils.swift */,
				509805D827397ADF0063219B /* UIApplication+Utils.swift */,
				50B20331279ADCA6008AA037 /* UIImageView+Utils.swift */,
				5027DC6727B7C64A00EC92CB /* UITableView+beginRefreshing.swift */,
				50BD1FD827D36C6B00AA94CB /* Double.swift */,
				506C54392864CB8200C43445 /* Int+secondsToHoursMinutesSeconds.swift */,
			);
			path = Extenstions;
			sourceTree = "<group>";
		};
		50B78D5A277B1DF40010BEAC /* GraphQL */ = {
			isa = PBXGroup;
			children = (
				50BE984B278F06390019D9B4 /* Models */,
				50BB8B42277B35A200FF6834 /* Protocols */,
				50BB8B3D277B34F300FF6834 /* Client */,
				50BB8B34277B2E6B00FF6834 /* Operations */,
				50BB8B32277B2D6C00FF6834 /* schema.json */,
				50BB8B38277B2EC100FF6834 /* API.swift */,
				5006122B278785C3006E54A6 /* DateTime.swift */,
			);
			path = GraphQL;
			sourceTree = "<group>";
		};
		50BB8B34277B2E6B00FF6834 /* Operations */ = {
			isa = PBXGroup;
			children = (
				50BB8B35277B2E7200FF6834 /* Queries */,
				50BB8B3A277B2F6A00FF6834 /* Mutations */,
			);
			path = Operations;
			sourceTree = "<group>";
		};
		50BB8B35277B2E7200FF6834 /* Queries */ = {
			isa = PBXGroup;
			children = (
				50BB8B36277B2E9000FF6834 /* Users.graphql */,
				5006122D278787B0006E54A6 /* Posts.graphql */,
				50AC025A27C90FE000B8EB5E /* SuggestedAthletes.graphql */,
				50BD1FCA27CCD95E00AA94CB /* SearchUsers.graphql */,
			);
			path = Queries;
			sourceTree = "<group>";
		};
		50BB8B3A277B2F6A00FF6834 /* Mutations */ = {
			isa = PBXGroup;
			children = (
				50BB8B3B277B2F8A00FF6834 /* CreateUser.graphql */,
				50BE980D278DB0F00019D9B4 /* LikePost.graphql */,
				50BE980F278DC1E60019D9B4 /* UnlikePost.graphql */,
				50C7DF3D2795AB6400015861 /* CommentOnPost.graphql */,
				5081568527B6587D0072A8D7 /* UploadActivity.graphql */,
				50AC025E27C934F300B8EB5E /* FollowAthlete.graphql */,
				50AC026027C9354500B8EB5E /* UnFollowAthlete.graphql */,
				50BD1FD427CE3F6D00AA94CB /* FollowAll.graphql */,
				50BD1FD627CE3FD000AA94CB /* UnfllowAll.graphql */,
				5080D6A027DA47E60039C776 /* UpdateUserProfile.graphql */,
			);
			path = Mutations;
			sourceTree = "<group>";
		};
		50BB8B3D277B34F300FF6834 /* Client */ = {
			isa = PBXGroup;
			children = (
				50BB8B3E277B34FC00FF6834 /* GraphQLClient.swift */,
				50BB8B40277B350D00FF6834 /* ApolloClient+Rx.swift */,
			);
			path = Client;
			sourceTree = "<group>";
		};
		50BB8B42277B35A200FF6834 /* Protocols */ = {
			isa = PBXGroup;
			children = (
				508611D228634CB500DA36C9 /* AppConfig.swift */,
				50BB8B43277B35AE00FF6834 /* GraphQLClientProtocol.swift */,
			);
			path = Protocols;
			sourceTree = "<group>";
		};
		50BB8B45277B365800FF6834 /* Configs */ = {
			isa = PBXGroup;
			children = (
				50BB8B46277B366000FF6834 /* AppConfig.swift */,
				50BB8B48277B366C00FF6834 /* ConfigType.swift */,
				50BB8B4A277B367A00FF6834 /* Environment.swift */,
			);
			path = Configs;
			sourceTree = "<group>";
		};
		50BB8B4C277B36DA00FF6834 /* Utils */ = {
			isa = PBXGroup;
			children = (
				50BB8B4D277B36E400FF6834 /* URL+Util.swift */,
				50CD12C627871E8900B5D1DC /* String+Util.swift */,
				5006123127886772006E54A6 /* Date+Util.swift */,
			);
			path = Utils;
			sourceTree = "<group>";
		};
		50BE984B278F06390019D9B4 /* Models */ = {
			isa = PBXGroup;
			children = (
				50BE9852278F06C90019D9B4 /* Activity.swift */,
			);
			path = Models;
			sourceTree = "<group>";
		};
		50E8E4E42742D64C00FB73FA /* Models */ = {
			isa = PBXGroup;
			children = (
				50E8E4E52742D66000FB73FA /* Location.swift */,
				50E8E4E72743CB1600FB73FA /* SportCourtAnnotation.swift */,
				508611D428634FAA00DA36C9 /* AthleteActivity.swift */,
				508611D62863511700DA36C9 /* AthleteActivityTimeline.swift */,
			);
			path = Models;
			sourceTree = "<group>";
		};
		69B5870256F48B3EFF3095B2 /* Frameworks */ = {
			isa = PBXGroup;
			children = (
				902E15108FD5D5D5256B40C3 /* Pods_Core.framework */,
			);
			name = Frameworks;
			sourceTree = "<group>";
		};
		6F0EE669A833D97C2AD14EF0 /* Pods */ = {
			isa = PBXGroup;
			children = (
				EC859DBC484B54222BB5D789 /* Pods-Core.debug.xcconfig */,
				83D4DBDB9AB02965F02F13A8 /* Pods-Core.release.xcconfig */,
			);
			name = Pods;
			path = ../../Pods;
			sourceTree = "<group>";
		};
/* End PBXGroup section */

/* Begin PBXHeadersBuildPhase section */
		50980599273979790063219B /* Headers */ = {
			isa = PBXHeadersBuildPhase;
			buildActionMask = 2147483647;
			files = (
				509805AF273979790063219B /* Core.h in Headers */,
			);
			runOnlyForDeploymentPostprocessing = 0;
		};
/* End PBXHeadersBuildPhase section */

/* Begin PBXNativeTarget section */
		5098059D273979790063219B /* Core */ = {
			isa = PBXNativeTarget;
			buildConfigurationList = 509805B2273979790063219B /* Build configuration list for PBXNativeTarget "Core" */;
			buildPhases = (
				856B263CA3154895CBCB591F /* [CP] Check Pods Manifest.lock */,
				50980599273979790063219B /* Headers */,
				5098059A273979790063219B /* Sources */,
				5098059B273979790063219B /* Frameworks */,
				5098059C273979790063219B /* Resources */,
				50B78D5B277B1E430010BEAC /* Apollo CLI */,
			);
			buildRules = (
			);
			dependencies = (
			);
			name = Core;
			productName = Core;
			productReference = 5098059E273979790063219B /* Core.framework */;
			productType = "com.apple.product-type.framework";
		};
		509805A6273979790063219B /* CoreTests */ = {
			isa = PBXNativeTarget;
			buildConfigurationList = 509805B5273979790063219B /* Build configuration list for PBXNativeTarget "CoreTests" */;
			buildPhases = (
				509805A3273979790063219B /* Sources */,
				509805A4273979790063219B /* Frameworks */,
				509805A5273979790063219B /* Resources */,
			);
			buildRules = (
			);
			dependencies = (
				509805AA273979790063219B /* PBXTargetDependency */,
			);
			name = CoreTests;
			productName = CoreTests;
			productReference = 509805A7273979790063219B /* CoreTests.xctest */;
			productType = "com.apple.product-type.bundle.unit-test";
		};
/* End PBXNativeTarget section */

/* Begin PBXProject section */
		50980595273979790063219B /* Project object */ = {
			isa = PBXProject;
			attributes = {
				LastSwiftUpdateCheck = 1250;
				LastUpgradeCheck = 1250;
				TargetAttributes = {
					5098059D273979790063219B = {
						CreatedOnToolsVersion = 12.5.1;
					};
					509805A6273979790063219B = {
						CreatedOnToolsVersion = 12.5.1;
					};
				};
			};
			buildConfigurationList = 50980598273979790063219B /* Build configuration list for PBXProject "Core" */;
			compatibilityVersion = "Xcode 9.3";
			developmentRegion = en;
			hasScannedForEncodings = 0;
			knownRegions = (
				en,
				Base,
			);
			mainGroup = 50980594273979790063219B;
			productRefGroup = 5098059F273979790063219B /* Products */;
			projectDirPath = "";
			projectRoot = "";
			targets = (
				5098059D273979790063219B /* Core */,
				509805A6273979790063219B /* CoreTests */,
			);
		};
/* End PBXProject section */

/* Begin PBXResourcesBuildPhase section */
		5098059C273979790063219B /* Resources */ = {
			isa = PBXResourcesBuildPhase;
			buildActionMask = 2147483647;
			files = (
				50AC025B27C90FE000B8EB5E /* SuggestedAthletes.graphql in Resources */,
				5080D6A127DA47E60039C776 /* UpdateUserProfile.graphql in Resources */,
				5081568627B6587D0072A8D7 /* UploadActivity.graphql in Resources */,
				50BB8B3C277B2F8A00FF6834 /* CreateUser.graphql in Resources */,
				50BD1FD727CE3FD000AA94CB /* UnfllowAll.graphql in Resources */,
				50C7DF3E2795AB6500015861 /* CommentOnPost.graphql in Resources */,
				50BD1FCB27CCD95E00AA94CB /* SearchUsers.graphql in Resources */,
				50BB8B37277B2E9000FF6834 /* Users.graphql in Resources */,
				50BB8B33277B2D6C00FF6834 /* schema.json in Resources */,
				50BE9810278DC1E60019D9B4 /* UnlikePost.graphql in Resources */,
				50AC026127C9354500B8EB5E /* UnFollowAthlete.graphql in Resources */,
				50AC025F27C934F300B8EB5E /* FollowAthlete.graphql in Resources */,
				50BD1FD527CE3F6D00AA94CB /* FollowAll.graphql in Resources */,
				5006122E278787B0006E54A6 /* Posts.graphql in Resources */,
				50BE980E278DB0F00019D9B4 /* LikePost.graphql in Resources */,
			);
			runOnlyForDeploymentPostprocessing = 0;
		};
		509805A5273979790063219B /* Resources */ = {
			isa = PBXResourcesBuildPhase;
			buildActionMask = 2147483647;
			files = (
			);
			runOnlyForDeploymentPostprocessing = 0;
		};
/* End PBXResourcesBuildPhase section */

/* Begin PBXShellScriptBuildPhase section */
		50B78D5B277B1E430010BEAC /* Apollo CLI */ = {
			isa = PBXShellScriptBuildPhase;
			buildActionMask = 2147483647;
			files = (
			);
			inputFileListPaths = (
			);
			inputPaths = (
			);
			name = "Apollo CLI";
			outputFileListPaths = (
			);
			outputPaths = (
			);
			runOnlyForDeploymentPostprocessing = 0;
			shellPath = /bin/sh;
			shellScript = "#SCRIPT_PATH=\"${PODS_ROOT}/Apollo/scripts\"\n#cd \"${SRCROOT}/Core/GraphQL\"\n#\"${SCRIPT_PATH}\"/run-bundled-codegen.sh schema:download --endpoint=\"http://localhost:8000/graphql/\"\n#\"${SCRIPT_PATH}\"/run-bundled-codegen.sh codegen:generate --target=swift --includes=./**/*.graphql --passthroughCustomScalars --localSchemaFile=schema.json API.swift\n";
		};
		856B263CA3154895CBCB591F /* [CP] Check Pods Manifest.lock */ = {
			isa = PBXShellScriptBuildPhase;
			buildActionMask = 2147483647;
			files = (
			);
			inputFileListPaths = (
			);
			inputPaths = (
				"${PODS_PODFILE_DIR_PATH}/Podfile.lock",
				"${PODS_ROOT}/Manifest.lock",
			);
			name = "[CP] Check Pods Manifest.lock";
			outputFileListPaths = (
			);
			outputPaths = (
				"$(DERIVED_FILE_DIR)/Pods-Core-checkManifestLockResult.txt",
			);
			runOnlyForDeploymentPostprocessing = 0;
			shellPath = /bin/sh;
			shellScript = "diff \"${PODS_PODFILE_DIR_PATH}/Podfile.lock\" \"${PODS_ROOT}/Manifest.lock\" > /dev/null\nif [ $? != 0 ] ; then\n    # print error to STDERR\n    echo \"error: The sandbox is not in sync with the Podfile.lock. Run 'pod install' or update your CocoaPods installation.\" >&2\n    exit 1\nfi\n# This output is used by Xcode 'outputs' to avoid re-running this script phase.\necho \"SUCCESS\" > \"${SCRIPT_OUTPUT_FILE_0}\"\n";
			showEnvVarsInLog = 0;
		};
/* End PBXShellScriptBuildPhase section */

/* Begin PBXSourcesBuildPhase section */
		5098059A273979790063219B /* Sources */ = {
			isa = PBXSourcesBuildPhase;
			buildActionMask = 2147483647;
			files = (
				5080D69F27DA01AC0039C776 /* SelectionType.swift in Sources */,
				5080D69B27DA01AC0039C776 /* SelectorView+Extensions.swift in Sources */,
				50BD1FD927D36C6B00AA94CB /* Double.swift in Sources */,
				50BE9853278F06C90019D9B4 /* Activity.swift in Sources */,
				509805D327397ACB0063219B /* NavigationControllable.swift in Sources */,
				50BB8B39277B2EC100FF6834 /* API.swift in Sources */,
				50BB8B44277B35AE00FF6834 /* GraphQLClientProtocol.swift in Sources */,
				50CD12C727871E8900B5D1DC /* String+Util.swift in Sources */,
				509805C227397ABC0063219B /* DependencyProvider.swift in Sources */,
				50BB8B41277B350D00FF6834 /* ApolloClient+Rx.swift in Sources */,
				509805DA27397ADF0063219B /* UIApplication+Utils.swift in Sources */,
				5081566127B53ED10072A8D7 /* Notification.swift in Sources */,
				5080D69C27DA01AC0039C776 /* SelectableCell.swift in Sources */,
				50BB8B3F277B34FC00FF6834 /* GraphQLClient.swift in Sources */,
				509805C427397ABC0063219B /* Dependency.swift in Sources */,
				508611D528634FAA00DA36C9 /* AthleteActivity.swift in Sources */,
				50B20332279ADCA6008AA037 /* UIImageView+Utils.swift in Sources */,
				509805C127397ABC0063219B /* DependencyManager.swift in Sources */,
				50E8E4E62742D66000FB73FA /* Location.swift in Sources */,
				509805D127397ACB0063219B /* Presentable.swift in Sources */,
				5080D69E27DA01AC0039C776 /* FlowLayout.swift in Sources */,
				50C7DF382791CAE100015861 /* KeyboardObserving.swift in Sources */,
				509805D427397ACB0063219B /* Dequeueable.swift in Sources */,
				508611D128634B6A00DA36C9 /* Networking.swift in Sources */,
				509805C027397ABC0063219B /* Alertable.swift in Sources */,
				5080D69D27DA01AC0039C776 /* SelectorItem.swift in Sources */,
				509805D527397ACB0063219B /* ViewControllable.swift in Sources */,
				50AC025D27C9243300B8EB5E /* TableViewSectionHeader.swift in Sources */,
				509805C627397ABC0063219B /* BaseCoordinator.swift in Sources */,
				5085F95327BD436F008E05FD /* KalmanFilter.swift in Sources */,
				50E8E4E82743CB1600FB73FA /* SportCourtAnnotation.swift in Sources */,
				506C543A2864CB8200C43445 /* Int+secondsToHoursMinutesSeconds.swift in Sources */,
				5080D69A27DA01AC0039C776 /* SelectionView.swift in Sources */,
				5027DC6827B7C64A00EC92CB /* UITableView+beginRefreshing.swift in Sources */,
				509805D227397ACB0063219B /* ViewModellable.swift in Sources */,
				509805D027397ACB0063219B /* ViewState.swift in Sources */,
				50BB8B4B277B367A00FF6834 /* Environment.swift in Sources */,
				508611D328634CB500DA36C9 /* AppConfig.swift in Sources */,
				50BB8B49277B366C00FF6834 /* ConfigType.swift in Sources */,
				50BB8B4E277B36E400FF6834 /* URL+Util.swift in Sources */,
				509805D927397ADF0063219B /* UIWindow+Utils.swift in Sources */,
				509805C327397ABC0063219B /* Builder.swift in Sources */,
				508611D72863511700DA36C9 /* AthleteActivityTimeline.swift in Sources */,
				509805CF27397ACB0063219B /* ViewController.swift in Sources */,
				5006123227886772006E54A6 /* Date+Util.swift in Sources */,
				5006122C278785C3006E54A6 /* DateTime.swift in Sources */,
				509805C527397ABC0063219B /* Module.swift in Sources */,
			);
			runOnlyForDeploymentPostprocessing = 0;
		};
		509805A3273979790063219B /* Sources */ = {
			isa = PBXSourcesBuildPhase;
			buildActionMask = 2147483647;
			files = (
				509805AD273979790063219B /* CoreTests.swift in Sources */,
			);
			runOnlyForDeploymentPostprocessing = 0;
		};
/* End PBXSourcesBuildPhase section */

/* Begin PBXTargetDependency section */
		509805AA273979790063219B /* PBXTargetDependency */ = {
			isa = PBXTargetDependency;
			target = 5098059D273979790063219B /* Core */;
			targetProxy = 509805A9273979790063219B /* PBXContainerItemProxy */;
		};
/* End PBXTargetDependency section */

/* Begin XCBuildConfiguration section */
		509805B0273979790063219B /* Debug */ = {
			isa = XCBuildConfiguration;
			buildSettings = {
				ALWAYS_SEARCH_USER_PATHS = NO;
				CLANG_ANALYZER_NONNULL = YES;
				CLANG_ANALYZER_NUMBER_OBJECT_CONVERSION = YES_AGGRESSIVE;
				CLANG_CXX_LANGUAGE_STANDARD = "gnu++14";
				CLANG_CXX_LIBRARY = "libc++";
				CLANG_ENABLE_MODULES = YES;
				CLANG_ENABLE_OBJC_ARC = YES;
				CLANG_ENABLE_OBJC_WEAK = YES;
				CLANG_WARN_BLOCK_CAPTURE_AUTORELEASING = YES;
				CLANG_WARN_BOOL_CONVERSION = YES;
				CLANG_WARN_COMMA = YES;
				CLANG_WARN_CONSTANT_CONVERSION = YES;
				CLANG_WARN_DEPRECATED_OBJC_IMPLEMENTATIONS = YES;
				CLANG_WARN_DIRECT_OBJC_ISA_USAGE = YES_ERROR;
				CLANG_WARN_DOCUMENTATION_COMMENTS = YES;
				CLANG_WARN_EMPTY_BODY = YES;
				CLANG_WARN_ENUM_CONVERSION = YES;
				CLANG_WARN_INFINITE_RECURSION = YES;
				CLANG_WARN_INT_CONVERSION = YES;
				CLANG_WARN_NON_LITERAL_NULL_CONVERSION = YES;
				CLANG_WARN_OBJC_IMPLICIT_RETAIN_SELF = YES;
				CLANG_WARN_OBJC_LITERAL_CONVERSION = YES;
				CLANG_WARN_OBJC_ROOT_CLASS = YES_ERROR;
				CLANG_WARN_QUOTED_INCLUDE_IN_FRAMEWORK_HEADER = YES;
				CLANG_WARN_RANGE_LOOP_ANALYSIS = YES;
				CLANG_WARN_STRICT_PROTOTYPES = YES;
				CLANG_WARN_SUSPICIOUS_MOVE = YES;
				CLANG_WARN_UNGUARDED_AVAILABILITY = YES_AGGRESSIVE;
				CLANG_WARN_UNREACHABLE_CODE = YES;
				CLANG_WARN__DUPLICATE_METHOD_MATCH = YES;
				COPY_PHASE_STRIP = NO;
				CURRENT_PROJECT_VERSION = 1;
				DEBUG_INFORMATION_FORMAT = dwarf;
				ENABLE_STRICT_OBJC_MSGSEND = YES;
				ENABLE_TESTABILITY = YES;
				GCC_C_LANGUAGE_STANDARD = gnu11;
				GCC_DYNAMIC_NO_PIC = NO;
				GCC_NO_COMMON_BLOCKS = YES;
				GCC_OPTIMIZATION_LEVEL = 0;
				GCC_PREPROCESSOR_DEFINITIONS = (
					"DEBUG=1",
					"$(inherited)",
				);
				GCC_WARN_64_TO_32_BIT_CONVERSION = YES;
				GCC_WARN_ABOUT_RETURN_TYPE = YES_ERROR;
				GCC_WARN_UNDECLARED_SELECTOR = YES;
				GCC_WARN_UNINITIALIZED_AUTOS = YES_AGGRESSIVE;
				GCC_WARN_UNUSED_FUNCTION = YES;
				GCC_WARN_UNUSED_VARIABLE = YES;
				IPHONEOS_DEPLOYMENT_TARGET = 14.5;
				MTL_ENABLE_DEBUG_INFO = INCLUDE_SOURCE;
				MTL_FAST_MATH = YES;
				ONLY_ACTIVE_ARCH = YES;
				SDKROOT = iphoneos;
				SWIFT_ACTIVE_COMPILATION_CONDITIONS = DEBUG;
				SWIFT_OPTIMIZATION_LEVEL = "-Onone";
				VERSIONING_SYSTEM = "apple-generic";
				VERSION_INFO_PREFIX = "";
			};
			name = Debug;
		};
		509805B1273979790063219B /* Release */ = {
			isa = XCBuildConfiguration;
			buildSettings = {
				ALWAYS_SEARCH_USER_PATHS = NO;
				CLANG_ANALYZER_NONNULL = YES;
				CLANG_ANALYZER_NUMBER_OBJECT_CONVERSION = YES_AGGRESSIVE;
				CLANG_CXX_LANGUAGE_STANDARD = "gnu++14";
				CLANG_CXX_LIBRARY = "libc++";
				CLANG_ENABLE_MODULES = YES;
				CLANG_ENABLE_OBJC_ARC = YES;
				CLANG_ENABLE_OBJC_WEAK = YES;
				CLANG_WARN_BLOCK_CAPTURE_AUTORELEASING = YES;
				CLANG_WARN_BOOL_CONVERSION = YES;
				CLANG_WARN_COMMA = YES;
				CLANG_WARN_CONSTANT_CONVERSION = YES;
				CLANG_WARN_DEPRECATED_OBJC_IMPLEMENTATIONS = YES;
				CLANG_WARN_DIRECT_OBJC_ISA_USAGE = YES_ERROR;
				CLANG_WARN_DOCUMENTATION_COMMENTS = YES;
				CLANG_WARN_EMPTY_BODY = YES;
				CLANG_WARN_ENUM_CONVERSION = YES;
				CLANG_WARN_INFINITE_RECURSION = YES;
				CLANG_WARN_INT_CONVERSION = YES;
				CLANG_WARN_NON_LITERAL_NULL_CONVERSION = YES;
				CLANG_WARN_OBJC_IMPLICIT_RETAIN_SELF = YES;
				CLANG_WARN_OBJC_LITERAL_CONVERSION = YES;
				CLANG_WARN_OBJC_ROOT_CLASS = YES_ERROR;
				CLANG_WARN_QUOTED_INCLUDE_IN_FRAMEWORK_HEADER = YES;
				CLANG_WARN_RANGE_LOOP_ANALYSIS = YES;
				CLANG_WARN_STRICT_PROTOTYPES = YES;
				CLANG_WARN_SUSPICIOUS_MOVE = YES;
				CLANG_WARN_UNGUARDED_AVAILABILITY = YES_AGGRESSIVE;
				CLANG_WARN_UNREACHABLE_CODE = YES;
				CLANG_WARN__DUPLICATE_METHOD_MATCH = YES;
				COPY_PHASE_STRIP = NO;
				CURRENT_PROJECT_VERSION = 1;
				DEBUG_INFORMATION_FORMAT = "dwarf-with-dsym";
				ENABLE_NS_ASSERTIONS = NO;
				ENABLE_STRICT_OBJC_MSGSEND = YES;
				GCC_C_LANGUAGE_STANDARD = gnu11;
				GCC_NO_COMMON_BLOCKS = YES;
				GCC_WARN_64_TO_32_BIT_CONVERSION = YES;
				GCC_WARN_ABOUT_RETURN_TYPE = YES_ERROR;
				GCC_WARN_UNDECLARED_SELECTOR = YES;
				GCC_WARN_UNINITIALIZED_AUTOS = YES_AGGRESSIVE;
				GCC_WARN_UNUSED_FUNCTION = YES;
				GCC_WARN_UNUSED_VARIABLE = YES;
				IPHONEOS_DEPLOYMENT_TARGET = 14.5;
				MTL_ENABLE_DEBUG_INFO = NO;
				MTL_FAST_MATH = YES;
				SDKROOT = iphoneos;
				SWIFT_COMPILATION_MODE = wholemodule;
				SWIFT_OPTIMIZATION_LEVEL = "-O";
				VALIDATE_PRODUCT = YES;
				VERSIONING_SYSTEM = "apple-generic";
				VERSION_INFO_PREFIX = "";
			};
			name = Release;
		};
		509805B3273979790063219B /* Debug */ = {
			isa = XCBuildConfiguration;
			baseConfigurationReference = EC859DBC484B54222BB5D789 /* Pods-Core.debug.xcconfig */;
			buildSettings = {
				CODE_SIGN_STYLE = Automatic;
				DEFINES_MODULE = YES;
				DEVELOPMENT_TEAM = 9X9VYGUMW9;
				DYLIB_COMPATIBILITY_VERSION = 1;
				DYLIB_CURRENT_VERSION = 1;
				DYLIB_INSTALL_NAME_BASE = "@rpath";
				INFOPLIST_FILE = Core/Info.plist;
				INSTALL_PATH = "$(LOCAL_LIBRARY_DIR)/Frameworks";
				LD_RUNPATH_SEARCH_PATHS = (
					"$(inherited)",
					"@executable_path/Frameworks",
					"@loader_path/Frameworks",
				);
				PRODUCT_BUNDLE_IDENTIFIER = com.smapps.Core;
				PRODUCT_NAME = "$(TARGET_NAME:c99extidentifier)";
				SKIP_INSTALL = YES;
				SWIFT_VERSION = 5.0;
				TARGETED_DEVICE_FAMILY = "1,2";
			};
			name = Debug;
		};
		509805B4273979790063219B /* Release */ = {
			isa = XCBuildConfiguration;
			baseConfigurationReference = 83D4DBDB9AB02965F02F13A8 /* Pods-Core.release.xcconfig */;
			buildSettings = {
				CODE_SIGN_STYLE = Automatic;
				DEFINES_MODULE = YES;
				DEVELOPMENT_TEAM = 9X9VYGUMW9;
				DYLIB_COMPATIBILITY_VERSION = 1;
				DYLIB_CURRENT_VERSION = 1;
				DYLIB_INSTALL_NAME_BASE = "@rpath";
				INFOPLIST_FILE = Core/Info.plist;
				INSTALL_PATH = "$(LOCAL_LIBRARY_DIR)/Frameworks";
				LD_RUNPATH_SEARCH_PATHS = (
					"$(inherited)",
					"@executable_path/Frameworks",
					"@loader_path/Frameworks",
				);
				PRODUCT_BUNDLE_IDENTIFIER = com.smapps.Core;
				PRODUCT_NAME = "$(TARGET_NAME:c99extidentifier)";
				SKIP_INSTALL = YES;
				SWIFT_VERSION = 5.0;
				TARGETED_DEVICE_FAMILY = "1,2";
			};
			name = Release;
		};
		509805B6273979790063219B /* Debug */ = {
			isa = XCBuildConfiguration;
			buildSettings = {
				ALWAYS_EMBED_SWIFT_STANDARD_LIBRARIES = YES;
				CODE_SIGN_STYLE = Automatic;
				DEVELOPMENT_TEAM = 9X9VYGUMW9;
				INFOPLIST_FILE = CoreTests/Info.plist;
				LD_RUNPATH_SEARCH_PATHS = (
					"$(inherited)",
					"@executable_path/Frameworks",
					"@loader_path/Frameworks",
				);
				PRODUCT_BUNDLE_IDENTIFIER = com.smapps.CoreTests;
				PRODUCT_NAME = "$(TARGET_NAME)";
				SWIFT_VERSION = 5.0;
				TARGETED_DEVICE_FAMILY = "1,2";
			};
			name = Debug;
		};
		509805B7273979790063219B /* Release */ = {
			isa = XCBuildConfiguration;
			buildSettings = {
				ALWAYS_EMBED_SWIFT_STANDARD_LIBRARIES = YES;
				CODE_SIGN_STYLE = Automatic;
				DEVELOPMENT_TEAM = 9X9VYGUMW9;
				INFOPLIST_FILE = CoreTests/Info.plist;
				LD_RUNPATH_SEARCH_PATHS = (
					"$(inherited)",
					"@executable_path/Frameworks",
					"@loader_path/Frameworks",
				);
				PRODUCT_BUNDLE_IDENTIFIER = com.smapps.CoreTests;
				PRODUCT_NAME = "$(TARGET_NAME)";
				SWIFT_VERSION = 5.0;
				TARGETED_DEVICE_FAMILY = "1,2";
			};
			name = Release;
		};
/* End XCBuildConfiguration section */

/* Begin XCConfigurationList section */
		50980598273979790063219B /* Build configuration list for PBXProject "Core" */ = {
			isa = XCConfigurationList;
			buildConfigurations = (
				509805B0273979790063219B /* Debug */,
				509805B1273979790063219B /* Release */,
			);
			defaultConfigurationIsVisible = 0;
			defaultConfigurationName = Release;
		};
		509805B2273979790063219B /* Build configuration list for PBXNativeTarget "Core" */ = {
			isa = XCConfigurationList;
			buildConfigurations = (
				509805B3273979790063219B /* Debug */,
				509805B4273979790063219B /* Release */,
			);
			defaultConfigurationIsVisible = 0;
			defaultConfigurationName = Release;
		};
		509805B5273979790063219B /* Build configuration list for PBXNativeTarget "CoreTests" */ = {
			isa = XCConfigurationList;
			buildConfigurations = (
				509805B6273979790063219B /* Debug */,
				509805B7273979790063219B /* Release */,
			);
			defaultConfigurationIsVisible = 0;
			defaultConfigurationName = Release;
		};
/* End XCConfigurationList section */
	};
	rootObject = 50980595273979790063219B /* Project object */;
}
